
Microsoft Visual Studio Solution File, Format Version 12.00
# Visual Studio Version 16
VisualStudioVersion = 16.0.30413.136
MinimumVisualStudioVersion = 10.0.40219.1
Project("{9A19103F-16F7-4668-BE54-9A1E7A4F7556}") = "DeviceApp", "DeviceApp\DeviceApp.csproj", "{867DE9D9-E4CE-42E0-841B-E0341906C3D2}"
EndProject
Project("{9A19103F-16F7-4668-BE54-9A1E7A4F7556}") = "ServiceApp", "ServiceApp\ServiceApp.csproj", "{707396F8-F51F-4D72-89F9-000A9C6C3AFF}"
EndProject
Project("{9A19103F-16F7-4668-BE54-9A1E7A4F7556}") = "DeviceApp.Tests", "DeviceApp.Tests\DeviceApp.Tests.csproj", "{9C68C78D-9AB2-49E8-A053-0A77DAE7CEB1}"
EndProject
Global
	GlobalSection(SolutionConfigurationPlatforms) = preSolution
		Debug|Any CPU = Debug|Any CPU
		Release|Any CPU = Release|Any CPU
	EndGlobalSection
	GlobalSection(ProjectConfigurationPlatforms) = postSolution
		{867DE9D9-E4CE-42E0-841B-E0341906C3D2}.Debug|Any CPU.ActiveCfg = Debug|Any CPU
		{867DE9D9-E4CE-42E0-841B-E0341906C3D2}.Debug|Any CPU.Build.0 = Debug|Any CPU
		{867DE9D9-E4CE-42E0-841B-E0341906C3D2}.Release|Any CPU.ActiveCfg = Release|Any CPU
		{867DE9D9-E4CE-42E0-841B-E0341906C3D2}.Release|Any CPU.Build.0 = Release|Any CPU
		{707396F8-F51F-4D72-89F9-000A9C6C3AFF}.Debug|Any CPU.ActiveCfg = Debug|Any CPU
		{707396F8-F51F-4D72-89F9-000A9C6C3AFF}.Debug|Any CPU.Build.0 = Debug|Any CPU
		{707396F8-F51F-4D72-89F9-000A9C6C3AFF}.Release|Any CPU.ActiveCfg = Release|Any CPU
		{707396F8-F51F-4D72-89F9-000A9C6C3AFF}.Release|Any CPU.Build.0 = Release|Any CPU
		{9C68C78D-9AB2-49E8-A053-0A77DAE7CEB1}.Debug|Any CPU.ActiveCfg = Debug|Any CPU
		{9C68C78D-9AB2-49E8-A053-0A77DAE7CEB1}.Debug|Any CPU.Build.0 = Debug|Any CPU
		{9C68C78D-9AB2-49E8-A053-0A77DAE7CEB1}.Release|Any CPU.ActiveCfg = Release|Any CPU
		{9C68C78D-9AB2-49E8-A053-0A77DAE7CEB1}.Release|Any CPU.Build.0 = Release|Any CPU
	EndGlobalSection
	GlobalSection(SolutionProperties) = preSolution
		HideSolutionNode = FALSE
	EndGlobalSection
	GlobalSection(ExtensibilityGlobals) = postSolution
		SolutionGuid = {E05B0BB5-60EB-420A-94A7-E02B27547C6C}
	EndGlobalSection
EndGlobal
